
Microsoft Visual Studio Solution File, Format Version 11.00
# Visual Studio 2010
Project("{FAE04EC0-301F-11D3-BF4B-00C04F79EFBC}") = "MigrationTool", "MigrationTool\MigrationTool.csproj", "{2A3A0A03-D28F-48C4-A851-1910FCEDD315}"
EndProject
Project("{FAE04EC0-301F-11D3-BF4B-00C04F79EFBC}") = "MigrationTool.Tests", "MigrationTool.Tests\MigrationTool.Tests.csproj", "{B701E22D-10E7-4D00-99A9-190D64BE8A88}"
EndProject
Global
	GlobalSection(SolutionConfigurationPlatforms) = preSolution
		Debug|Any CPU = Debug|Any CPU
		Release|Any CPU = Release|Any CPU
	EndGlobalSection
	GlobalSection(ProjectConfigurationPlatforms) = postSolution
		{2A3A0A03-D28F-48C4-A851-1910FCEDD315}.Debug|Any CPU.ActiveCfg = Debug|Any CPU
		{2A3A0A03-D28F-48C4-A851-1910FCEDD315}.Debug|Any CPU.Build.0 = Debug|Any CPU
		{2A3A0A03-D28F-48C4-A851-1910FCEDD315}.Release|Any CPU.ActiveCfg = Release|Any CPU
		{2A3A0A03-D28F-48C4-A851-1910FCEDD315}.Release|Any CPU.Build.0 = Release|Any CPU
		{B701E22D-10E7-4D00-99A9-190D64BE8A88}.Debug|Any CPU.ActiveCfg = Debug|Any CPU
		{B701E22D-10E7-4D00-99A9-190D64BE8A88}.Debug|Any CPU.Build.0 = Debug|Any CPU
		{B701E22D-10E7-4D00-99A9-190D64BE8A88}.Release|Any CPU.ActiveCfg = Release|Any CPU
		{B701E22D-10E7-4D00-99A9-190D64BE8A88}.Release|Any CPU.Build.0 = Release|Any CPU
	EndGlobalSection
	GlobalSection(SolutionProperties) = preSolution
		HideSolutionNode = FALSE
	EndGlobalSection
EndGlobal
